{
  "name": "portfolio-cloudinary-upload",
  "lockfileVersion": 2,
  "requires": true,
  "packages": {
    "": {
      "name": "portfolio-cloudinary-upload",
      "dependencies": {
        "cloudinary": "^2.6.0",
        "dotenv": "^16.4.7"
      }
    },
    "node_modules/cloudinary": {
      "version": "2.11.0",
      "resolved": "https://registry.npmjs.org/cloudinary/-/cloudinary-2.11.0.tgz",
      "integrity": "sha512-o2pAkDDqrzPFE/mn9GCfFjBIGQmPs++Ts6rtkFl4vY528DNHiMovKWjH16HBjeGa9iwI7eAad24aWN2emT0aww==",
      "dependencies": {
        "lodash": "^4.17.23"
      },
      "engines": {
        "node": ">=9"
      }
    },
    "node_modules/dotenv": {
      "version": "16.6.1",
      "resolved": "https://registry.npmjs.org/dotenv/-/dotenv-16.6.1.tgz",
      "integrity": "sha512-uBq4egWHTcTt33a72vpSG0z3HnPuIl6NqYcTrKEg2azoEyl2hpW0zqlxysq2pK9HlDIHyHyakeYaYnSAwd8bow==",
      "engines": {
        "node": ">=12"
      },
      "funding": {
        "url": "https://dotenvx.com"
      }
    },
    "node_modules/lodash": {
      "version": "4.18.1",
      "resolved": "https://registry.npmjs.org/lodash/-/lodash-4.18.1.tgz",
      "integrity": "sha512-dMInicTPVE8d1e5otfwmmjlxkZoUpiVLwyeTdUsi/Caj/gfzzblBcCE5sRHV/AsjuCmxWrte2TNGSYuCeCq+0Q=="
    }
  },
  "dependencies": {
    "cloudinary": {
      "version": "2.11.0",
      "resolved": "https://registry.npmjs.org/cloudinary/-/cloudinary-2.11.0.tgz",
      "integrity": "sha512-o2pAkDDqrzPFE/mn9GCfFjBIGQmPs++Ts6rtkFl4vY528DNHiMovKWjH16HBjeGa9iwI7eAad24aWN2emT0aww==",
      "requires": {
        "lodash": "^4.17.23"
      }
    },
    "dotenv": {
      "version": "16.6.1",
      "resolved": "https://registry.npmjs.org/dotenv/-/dotenv-16.6.1.tgz",
      "integrity": "sha512-uBq4egWHTcTt33a72vpSG0z3HnPuIl6NqYcTrKEg2azoEyl2hpW0zqlxysq2pK9HlDIHyHyakeYaYnSAwd8bow=="
    },
    "lodash": {
      "version": "4.18.1",
      "resolved": "https://registry.npmjs.org/lodash/-/lodash-4.18.1.tgz",
      "integrity": "sha512-dMInicTPVE8d1e5otfwmmjlxkZoUpiVLwyeTdUsi/Caj/gfzzblBcCE5sRHV/AsjuCmxWrte2TNGSYuCeCq+0Q=="
    }
  }
}
